// !$*UTF8*$!
{
	archiveVersion = 1;
	classes = {
	};
	objectVersion = 50;
	objects = {

/* Begin PBXBuildFile section */
		92A01A7123BDDD8F00A13483 /* AppDelegate.swift in Sources */ = {isa = PBXBuildFile; fileRef = 92A01A7023BDDD8F00A13483 /* AppDelegate.swift */; };
		92A01A7323BDDD8F00A13483 /* art.scnassets in Resources */ = {isa = PBXBuildFile; fileRef = 92A01A7223BDDD8F00A13483 /* art.scnassets */; };
		92A01A7523BDDD8F00A13483 /* ViewController.swift in Sources */ = {isa = PBXBuildFile; fileRef = 92A01A7423BDDD8F00A13483 /* ViewController.swift */; };
		92A01A7823BDDD8F00A13483 /* Main.storyboard in Resources */ = {isa = PBXBuildFile; fileRef = 92A01A7623BDDD8F00A13483 /* Main.storyboard */; };
		92A01A7A23BDDD9000A13483 /* Assets.xcassets in Resources */ = {isa = PBXBuildFile; fileRef = 92A01A7923BDDD9000A13483 /* Assets.xcassets */; };
		92A01A7D23BDDD9000A13483 /* LaunchScreen.storyboard in Resources */ = {isa = PBXBuildFile; fileRef = 92A01A7B23BDDD9000A13483 /* LaunchScreen.storyboard */; };
/* End PBXBuildFile section */

/* Begin PBXFileReference section */
		92A01A6D23BDDD8F00A13483 /* ARMeasure.app */ = {isa = PBXFileReference; explicitFileType = wrapper.application; includeInIndex = 0; path = ARMeasure.app; sourceTree = BUILT_PRODUCTS_DIR; };
		92A01A7023BDDD8F00A13483 /* AppDelegate.swift */ = {isa = PBXFileReference; lastKnownFileType = sourcecode.swift; path = AppDelegate.swift; sourceTree = "<group>"; };
		92A01A7223BDDD8F00A13483 /* art.scnassets */ = {isa = PBXFileReference; lastKnownFileType = wrapper.scnassets; path = art.scnassets; sourceTree = "<group>"; };
		92A01A7423BDDD8F00A13483 /* ViewController.swift */ = {isa = PBXFileReference; lastKnownFileType = sourcecode.swift; path = ViewController.swift; sourceTree = "<group>"; };
		92A01A7723BDDD8F00A13483 /* Base */ = {isa = PBXFileReference; lastKnownFileType = file.storyboard; name = Base; path = Base.lproj/Main.storyboard; sourceTree = "<group>"; };
		92A01A7923BDDD9000A13483 /* Assets.xcassets */ = {isa = PBXFileReference; lastKnownFileType = folder.assetcatalog; path = Assets.xcassets; sourceTree = "<group>"; };
		92A01A7C23BDDD9000A13483 /* Base */ = {isa = PBXFileReference; lastKnownFileType = file.storyboard; name = Base; path = Base.lproj/LaunchScreen.storyboard; sourceTree = "<group>"; };
		92A01A7E23BDDD9000A13483 /* Info.plist */ = {isa = PBXFileReference; lastKnownFileType = text.plist.xml; path = Info.plist; sourceTree = "<group>"; };
/* End PBXFileReference section */

/* Begin PBXFrameworksBuildPhase section */
		92A01A6A23BDDD8F00A13483 /* Frameworks */ = {
			isa = PBXFrameworksBuildPhase;
			buildActionMask = 2147483647;
			files = (
			);
			runOnlyForDeploymentPostprocessing = 0;
		};
/* End PBXFrameworksBuildPhase section */

/* Begin PBXGroup section */
		92A01A6423BDDD8E00A13483 = {
			isa = PBXGroup;
			children = (
				92A01A6F23BDDD8F00A13483 /* ARMeasure */,
				92A01A6E23BDDD8F00A13483 /* Products */,
			);
			sourceTree = "<group>";
		};
		92A01A6E23BDDD8F00A13483 /* Products */ = {
			isa = PBXGroup;
			children = (
				92A01A6D23BDDD8F00A13483 /* ARMeasure.app */,
			);
			name = Products;
			sourceTree = "<group>";
		};
		92A01A6F23BDDD8F00A13483 /* ARMeasure */ = {
			isa = PBXGroup;
			children = (
				92A01A7023BDDD8F00A13483 /* AppDelegate.swift */,
				92A01A7223BDDD8F00A13483 /* art.scnassets */,
				92A01A7423BDDD8F00A13483 /* ViewController.swift */,
				92A01A7623BDDD8F00A13483 /* Main.storyboard */,
				92A01A7923BDDD9000A13483 /* Assets.xcassets */,
				92A01A7B23BDDD9000A13483 /* LaunchScreen.storyboard */,
				92A01A7E23BDDD9000A13483 /* Info.plist */,
			);
			path = ARMeasure;
			sourceTree = "<group>";
		};
/* End PBXGroup section */

/* Begin PBXNativeTarget section */
		92A01A6C23BDDD8F00A13483 /* ARMeasure */ = {
			isa = PBXNativeTarget;
			buildConfigurationList = 92A01A8123BDDD9000A13483 /* Build configuration list for PBXNativeTarget "ARMeasure" */;
			buildPhases = (
				92A01A6923BDDD8F00A13483 /* Sources */,
				92A01A6A23BDDD8F00A13483 /* Frameworks */,
				92A01A6B23BDDD8F00A13483 /* Resources */,
			);
			buildRules = (
			);
			dependencies = (
			);
			name = ARMeasure;
			productName = ARMeasure;
			productReference = 92A01A6D23BDDD8F00A13483 /* ARMeasure.app */;
			productType = "com.apple.product-type.application";
		};
/* End PBXNativeTarget section */

/* Begin PBXProject section */
		92A01A6523BDDD8E00A13483 /* Project object */ = {
			isa = PBXProject;
			attributes = {
				LastSwiftUpdateCheck = 1130;
				LastUpgradeCheck = 1130;
				ORGANIZATIONNAME = pouyaa;
				TargetAttributes = {
					92A01A6C23BDDD8F00A13483 = {
						CreatedOnToolsVersion = 11.3;
					};
				};
			};
			buildConfigurationList = 92A01A6823BDDD8E00A13483 /* Build configuration list for PBXProject "ARMeasure" */;
			compatibilityVersion = "Xcode 9.3";
			developmentRegion = en;
			hasScannedForEncodings = 0;
			knownRegions = (
				en,
				Base,
			);
			mainGroup = 92A01A6423BDDD8E00A13483;
			productRefGroup = 92A01A6E23BDDD8F00A13483 /* Products */;
			projectDirPath = "";
			projectRoot = "";
			targets = (
				92A01A6C23BDDD8F00A13483 /* ARMeasure */,
			);
		};
/* End PBXProject section */

/* Begin PBXResourcesBuildPhase section */
		92A01A6B23BDDD8F00A13483 /* Resources */ = {
			isa = PBXResourcesBuildPhase;
			buildActionMask = 2147483647;
			files = (
				92A01A7323BDDD8F00A13483 /* art.scnassets in Resources */,
				92A01A7D23BDDD9000A13483 /* LaunchScreen.storyboard in Resources */,
				92A01A7A23BDDD9000A13483 /* Assets.xcassets in Resources */,
				92A01A7823BDDD8F00A13483 /* Main.storyboard in Resources */,
			);
			runOnlyForDeploymentPostprocessing = 0;
		};
/* End PBXResourcesBuildPhase section */

/* Begin PBXSourcesBuildPhase section */
		92A01A6923BDDD8F00A13483 /* Sources */ = {
			isa = PBXSourcesBuildPhase;
			buildActionMask = 2147483647;
			files = (
				92A01A7523BDDD8F00A13483 /* ViewController.swift in Sources */,
				92A01A7123BDDD8F00A13483 /* AppDelegate.swift in Sources */,
			);
			runOnlyForDeploymentPostprocessing = 0;
		};
/* End PBXSourcesBuildPhase section */

/* Begin PBXVariantGroup section */
		92A01A7623BDDD8F00A13483 /* Main.storyboard */ = {
			isa = PBXVariantGroup;
			children = (
				92A01A7723BDDD8F00A13483 /* Base */,
			);
			name = Main.storyboard;
			sourceTree = "<group>";
		};
		92A01A7B23BDDD9000A13483 /* LaunchScreen.storyboard */ = {
			isa = PBXVariantGroup;
			children = (
				92A01A7C23BDDD9000A13483 /* Base */,
			);
			name = LaunchScreen.storyboard;
			sourceTree = "<group>";
		};
/* End PBXVariantGroup section */

/* Begin XCBuildConfiguration section */
		92A01A7F23BDDD9000A13483 /* Debug */ = {
			isa = XCBuildConfiguration;
			buildSettings = {
				ALWAYS_SEARCH_USER_PATHS = NO;
				CLANG_ANALYZER_NONNULL = YES;
				CLANG_ANALYZER_NUMBER_OBJECT_CONVERSION = YES_AGGRESSIVE;
				CLANG_CXX_LANGUAGE_STANDARD = "gnu++14";
				CLANG_CXX_LIBRARY = "libc++";
				CLANG_ENABLE_MODULES = YES;
				CLANG_ENABLE_OBJC_ARC = YES;
				CLANG_ENABLE_OBJC_WEAK = YES;
				CLANG_WARN_BLOCK_CAPTURE_AUTORELEASING = YES;
				CLANG_WARN_BOOL_CONVERSION = YES;
				CLANG_WARN_COMMA = YES;
				CLANG_WARN_CONSTANT_CONVERSION = YES;
				CLANG_WARN_DEPRECATED_OBJC_IMPLEMENTATIONS = YES;
				CLANG_WARN_DIRECT_OBJC_ISA_USAGE = YES_ERROR;
				CLANG_WARN_DOCUMENTATION_COMMENTS = YES;
				CLANG_WARN_EMPTY_BODY = YES;
				CLANG_WARN_ENUM_CONVERSION = YES;
				CLANG_WARN_INFINITE_RECURSION = YES;
				CLANG_WARN_INT_CONVERSION = YES;
				CLANG_WARN_NON_LITERAL_NULL_CONVERSION = YES;
				CLANG_WARN_OBJC_IMPLICIT_RETAIN_SELF = YES;
				CLANG_WARN_OBJC_LITERAL_CONVERSION = YES;
				CLANG_WARN_OBJC_ROOT_CLASS = YES_ERROR;
				CLANG_WARN_RANGE_LOOP_ANALYSIS = YES;
				CLANG_WARN_STRICT_PROTOTYPES = YES;
				CLANG_WARN_SUSPICIOUS_MOVE = YES;
				CLANG_WARN_UNGUARDED_AVAILABILITY = YES_AGGRESSIVE;
				CLANG_WARN_UNREACHABLE_CODE = YES;
				CLANG_WARN__DUPLICATE_METHOD_MATCH = YES;
				COPY_PHASE_STRIP = NO;
				DEBUG_INFORMATION_FORMAT = dwarf;
				ENABLE_STRICT_OBJC_MSGSEND = YES;
				ENABLE_TESTABILITY = YES;
				GCC_C_LANGUAGE_STANDARD = gnu11;
				GCC_DYNAMIC_NO_PIC = NO;
				GCC_NO_COMMON_BLOCKS = YES;
				GCC_OPTIMIZATION_LEVEL = 0;
				GCC_PREPROCESSOR_DEFINITIONS = (
					"DEBUG=1",
					"$(inherited)",
				);
				GCC_WARN_64_TO_32_BIT_CONVERSION = YES;
				GCC_WARN_ABOUT_RETURN_TYPE = YES_ERROR;
				GCC_WARN_UNDECLARED_SELECTOR = YES;
				GCC_WARN_UNINITIALIZED_AUTOS = YES_AGGRESSIVE;
				GCC_WARN_UNUSED_FUNCTION = YES;
				GCC_WARN_UNUSED_VARIABLE = YES;
				IPHONEOS_DEPLOYMENT_TARGET = 13.2;
				MTL_ENABLE_DEBUG_INFO = INCLUDE_SOURCE;
				MTL_FAST_MATH = YES;
				ONLY_ACTIVE_ARCH = YES;
				SDKROOT = iphoneos;
				SWIFT_ACTIVE_COMPILATION_CONDITIONS = DEBUG;
				SWIFT_OPTIMIZATION_LEVEL = "-Onone";
			};
			name = Debug;
		};
		92A01A8023BDDD9000A13483 /* Release */ = {
			isa = XCBuildConfiguration;
			buildSettings = {
				ALWAYS_SEARCH_USER_PATHS = NO;
				CLANG_ANALYZER_NONNULL = YES;
				CLANG_ANALYZER_NUMBER_OBJECT_CONVERSION = YES_AGGRESSIVE;
				CLANG_CXX_LANGUAGE_STANDARD = "gnu++14";
				CLANG_CXX_LIBRARY = "libc++";
				CLANG_ENABLE_MODULES = YES;
				CLANG_ENABLE_OBJC_ARC = YES;
				CLANG_ENABLE_OBJC_WEAK = YES;
				CLANG_WARN_BLOCK_CAPTURE_AUTORELEASING = YES;
				CLANG_WARN_BOOL_CONVERSION = YES;
				CLANG_WARN_COMMA = YES;
				CLANG_WARN_CONSTANT_CONVERSION = YES;
				CLANG_WARN_DEPRECATED_OBJC_IMPLEMENTATIONS = YES;
				CLANG_WARN_DIRECT_OBJC_ISA_USAGE = YES_ERROR;
				CLANG_WARN_DOCUMENTATION_COMMENTS = YES;
				CLANG_WARN_EMPTY_BODY = YES;
				CLANG_WARN_ENUM_CONVERSION = YES;
				CLANG_WARN_INFINITE_RECURSION = YES;
				CLANG_WARN_INT_CONVERSION = YES;
				CLANG_WARN_NON_LITERAL_NULL_CONVERSION = YES;
				CLANG_WARN_OBJC_IMPLICIT_RETAIN_SELF = YES;
				CLANG_WARN_OBJC_LITERAL_CONVERSION = YES;
				CLANG_WARN_OBJC_ROOT_CLASS = YES_ERROR;
				CLANG_WARN_RANGE_LOOP_ANALYSIS = YES;
				CLANG_WARN_STRICT_PROTOTYPES = YES;
				CLANG_WARN_SUSPICIOUS_MOVE = YES;
				CLANG_WARN_UNGUARDED_AVAILABILITY = YES_AGGRESSIVE;
				CLANG_WARN_UNREACHABLE_CODE = YES;
				CLANG_WARN__DUPLICATE_METHOD_MATCH = YES;
				COPY_PHASE_STRIP = NO;
				DEBUG_INFORMATION_FORMAT = "dwarf-with-dsym";
				ENABLE_NS_ASSERTIONS = NO;
				ENABLE_STRICT_OBJC_MSGSEND = YES;
				GCC_C_LANGUAGE_STANDARD = gnu11;
				GCC_NO_COMMON_BLOCKS = YES;
				GCC_WARN_64_TO_32_BIT_CONVERSION = YES;
				GCC_WARN_ABOUT_RETURN_TYPE = YES_ERROR;
				GCC_WARN_UNDECLARED_SELECTOR = YES;
				GCC_WARN_UNINITIALIZED_AUTOS = YES_AGGRESSIVE;
				GCC_WARN_UNUSED_FUNCTION = YES;
				GCC_WARN_UNUSED_VARIABLE = YES;
				IPHONEOS_DEPLOYMENT_TARGET = 13.2;
				MTL_ENABLE_DEBUG_INFO = NO;
				MTL_FAST_MATH = YES;
				SDKROOT = iphoneos;
				SWIFT_COMPILATION_MODE = wholemodule;
				SWIFT_OPTIMIZATION_LEVEL = "-O";
				VALIDATE_PRODUCT = YES;
			};
			name = Release;
		};
		92A01A8223BDDD9000A13483 /* Debug */ = {
			isa = XCBuildConfiguration;
			buildSettings = {
				ASSETCATALOG_COMPILER_APPICON_NAME = AppIcon;
				CODE_SIGN_STYLE = Automatic;
				INFOPLIST_FILE = ARMeasure/Info.plist;
				LD_RUNPATH_SEARCH_PATHS = (
					"$(inherited)",
					"@executable_path/Frameworks",
				);
				PRODUCT_BUNDLE_IDENTIFIER = com.pouyaa.ARMeasure;
				PRODUCT_NAME = "$(TARGET_NAME)";
				SWIFT_VERSION = 5.0;
				TARGETED_DEVICE_FAMILY = "1,2";
			};
			name = Debug;
		};
		92A01A8323BDDD9000A13483 /* Release */ = {
			isa = XCBuildConfiguration;
			buildSettings = {
				ASSETCATALOG_COMPILER_APPICON_NAME = AppIcon;
				CODE_SIGN_STYLE = Automatic;
				INFOPLIST_FILE = ARMeasure/Info.plist;
				LD_RUNPATH_SEARCH_PATHS = (
					"$(inherited)",
					"@executable_path/Frameworks",
				);
				PRODUCT_BUNDLE_IDENTIFIER = com.pouyaa.ARMeasure;
				PRODUCT_NAME = "$(TARGET_NAME)";
				SWIFT_VERSION = 5.0;
				TARGETED_DEVICE_FAMILY = "1,2";
			};
			name = Release;
		};
/* End XCBuildConfiguration section */

/* Begin XCConfigurationList section */
		92A01A6823BDDD8E00A13483 /* Build configuration list for PBXProject "ARMeasure" */ = {
			isa = XCConfigurationList;
			buildConfigurations = (
				92A01A7F23BDDD9000A13483 /* Debug */,
				92A01A8023BDDD9000A13483 /* Release */,
			);
			defaultConfigurationIsVisible = 0;
			defaultConfigurationName = Release;
		};
		92A01A8123BDDD9000A13483 /* Build configuration list for PBXNativeTarget "ARMeasure" */ = {
			isa = XCConfigurationList;
			buildConfigurations = (
				92A01A8223BDDD9000A13483 /* Debug */,
				92A01A8323BDDD9000A13483 /* Release */,
			);
			defaultConfigurationIsVisible = 0;
			defaultConfigurationName = Release;
		};
/* End XCConfigurationList section */
	};
	rootObject = 92A01A6523BDDD8E00A13483 /* Project object */;
}
